
Microsoft Visual Studio Solution File, Format Version 12.00
# Visual Studio Version 17
VisualStudioVersion = 17.6.33815.320
MinimumVisualStudioVersion = 10.0.40219.1
Project("{FAE04EC0-301F-11D3-BF4B-00C04F79EFBC}") = "FIT5032Ass2YunLiang", "FIT5032Ass2YunLiang.csproj", "{4F874F95-94A6-49E0-A394-1CE83221BA12}"
EndProject
Global
	GlobalSection(SolutionConfigurationPlatforms) = preSolution
		Debug|Any CPU = Debug|Any CPU
		Release|Any CPU = Release|Any CPU
	EndGlobalSection
	GlobalSection(ProjectConfigurationPlatforms) = postSolution
		{4F874F95-94A6-49E0-A394-1CE83221BA12}.Debug|Any CPU.ActiveCfg = Debug|Any CPU
		{4F874F95-94A6-49E0-A394-1CE83221BA12}.Debug|Any CPU.Build.0 = Debug|Any CPU
		{4F874F95-94A6-49E0-A394-1CE83221BA12}.Release|Any CPU.ActiveCfg = Release|Any CPU
		{4F874F95-94A6-49E0-A394-1CE83221BA12}.Release|Any CPU.Build.0 = Release|Any CPU
	EndGlobalSection
	GlobalSection(SolutionProperties) = preSolution
		HideSolutionNode = FALSE
	EndGlobalSection
	GlobalSection(ExtensibilityGlobals) = postSolution
		SolutionGuid = {53C6F9C7-C193-4CC6-9CF2-EDB4D7559C83}
	EndGlobalSection
EndGlobal
